<?xml version="1.0" encoding="utf-8"?>
<Project ToolsVersion="4.0" xmlns="http://schemas.microsoft.com/developer/msbuild/2003">
  <ItemGroup>
    <Filter Include="源文件">
      <UniqueIdentifier>{4FC737F1-C7A5-4376-A066-2A32D752A2FF}</UniqueIdentifier>
      <Extensions>cpp;c;cc;cxx;def;odl;idl;hpj;bat;asm;asmx</Extensions>
    </Filter>
    <Filter Include="头文件">
      <UniqueIdentifier>{93995380-89BD-4b04-88EB-625FBE52EBFB}</UniqueIdentifier>
      <Extensions>h;hpp;hxx;hm;inl;inc;xsd</Extensions>
    </Filter>
    <Filter Include="资源文件">
      <UniqueIdentifier>{67DA6AB6-F800-4c08-8B7A-83BB121AAD01}</UniqueIdentifier>
      <Extensions>rc;ico;cur;bmp;dlg;rc2;rct;bin;rgs;gif;jpg;jpeg;jpe;resx;tiff;tif;png;wav;mfcribbon-ms</Extensions>
    </Filter>
  </ItemGroup>
  <ItemGroup>
    <None Include="ReadMe.txt" />
    <None Include="UserImages.bmp">
      <Filter>资源文件</Filter>
    </None>
    <None Include="res\foodTrack.rc2">
      <Filter>资源文件</Filter>
    </None>
    <None Include="res\foodTrackDoc.ico">
      <Filter>资源文件</Filter>
    </None>
    <None Include="res\foodTrack.ico">
      <Filter>资源文件</Filter>
    </None>
    <None Include="res\Toolbar256.bmp">
      <Filter>资源文件</Filter>
    </None>
    <None Include="..\20\res\Toolbar.bmp">
      <Filter>资源文件</Filter>
    </None>
    <None Include="res\146.ico">
      <Filter>资源文件</Filter>
    </None>
    <None Include="res\Toolbar.bmp">
      <Filter>资源文件</Filter>
    </None>
    <None Include="test.txt">
      <Filter>源文件</Filter>
    </None>
  </ItemGroup>
  <ItemGroup>
    <ClInclude Include="foodTrack.h">
      <Filter>头文件</Filter>
    </ClInclude>
    <ClInclude Include="stdafx.h">
      <Filter>头文件</Filter>
    </ClInclude>
    <ClInclude Include="targetver.h">
      <Filter>头文件</Filter>
    </ClInclude>
    <ClInclude Include="foodTrackDoc.h">
      <Filter>头文件</Filter>
    </ClInclude>
    <ClInclude Include="Resource.h">
      <Filter>头文件</Filter>
    </ClInclude>
    <ClInclude Include="RstKeyID.h">
      <Filter>头文件</Filter>
    </ClInclude>
    <ClInclude Include="RstStudentType.h">
      <Filter>头文件</Filter>
    </ClInclude>
    <ClInclude Include="RstClass.h">
      <Filter>头文件</Filter>
    </ClInclude>
    <ClInclude Include="RstClassList.h">
      <Filter>头文件</Filter>
    </ClInclude>
    <ClInclude Include="RstExamType.h">
      <Filter>头文件</Filter>
    </ClInclude>
    <ClInclude Include="RstStudent.h">
      <Filter>头文件</Filter>
    </ClInclude>
    <ClInclude Include="Item.h">
      <Filter>头文件</Filter>
    </ClInclude>
    <ClInclude Include="Class.h">
      <Filter>头文件</Filter>
    </ClInclude>
    <ClInclude Include="Student.h">
      <Filter>头文件</Filter>
    </ClInclude>
    <ClInclude Include="DlgStudentInfor.h">
      <Filter>头文件</Filter>
    </ClInclude>
    <ClInclude Include="DlgClassEdit.h">
      <Filter>头文件</Filter>
    </ClInclude>
    <ClInclude Include="DlgFilterClass.h">
      <Filter>头文件</Filter>
    </ClInclude>
    <ClInclude Include="DlgFindStudent.h">
      <Filter>头文件</Filter>
    </ClInclude>
    <ClInclude Include="DlgSelectStudent.h">
      <Filter>头文件</Filter>
    </ClInclude>
    <ClInclude Include="DlgStudentEdit.h">
      <Filter>头文件</Filter>
    </ClInclude>
    <ClInclude Include="CfoodTrackListView.h">
      <Filter>头文件</Filter>
    </ClInclude>
    <ClInclude Include="MainFrm.h">
      <Filter>头文件</Filter>
    </ClInclude>
    <ClInclude Include="SerialPort.h">
      <Filter>头文件</Filter>
    </ClInclude>
    <ClInclude Include="DlgComm.h">
      <Filter>头文件</Filter>
    </ClInclude>
    <ClInclude Include="DlgCommConfig.h">
      <Filter>头文件</Filter>
    </ClInclude>
    <ClInclude Include="XK3118K9D.h">
      <Filter>头文件</Filter>
    </ClInclude>
    <ClInclude Include="DlgCardReviewer.h">
      <Filter>头文件</Filter>
    </ClInclude>
    <ClInclude Include="StringOper.h">
      <Filter>头文件</Filter>
    </ClInclude>
  </ItemGroup>
  <ItemGroup>
    <ClCompile Include="foodTrack.cpp">
      <Filter>源文件</Filter>
    </ClCompile>
    <ClCompile Include="stdafx.cpp">
      <Filter>源文件</Filter>
    </ClCompile>
    <ClCompile Include="foodTrackDoc.cpp">
      <Filter>源文件</Filter>
    </ClCompile>
    <ClCompile Include="RstKeyID.cpp">
      <Filter>源文件</Filter>
    </ClCompile>
    <ClCompile Include="RstStudentType.cpp">
      <Filter>源文件</Filter>
    </ClCompile>
    <ClCompile Include="RstClass.cpp">
      <Filter>源文件</Filter>
    </ClCompile>
    <ClCompile Include="RstClassList.cpp">
      <Filter>源文件</Filter>
    </ClCompile>
    <ClCompile Include="RstExamType.cpp">
      <Filter>源文件</Filter>
    </ClCompile>
    <ClCompile Include="RstStudent.cpp">
      <Filter>源文件</Filter>
    </ClCompile>
    <ClCompile Include="Item.cpp">
      <Filter>源文件</Filter>
    </ClCompile>
    <ClCompile Include="Student.cpp">
      <Filter>源文件</Filter>
    </ClCompile>
    <ClCompile Include="Class.cpp">
      <Filter>源文件</Filter>
    </ClCompile>
    <ClCompile Include="DlgStudentInfor.cpp">
      <Filter>源文件</Filter>
    </ClCompile>
    <ClCompile Include="DlgClassEdit.cpp">
      <Filter>源文件</Filter>
    </ClCompile>
    <ClCompile Include="DlgFilterClass.cpp">
      <Filter>源文件</Filter>
    </ClCompile>
    <ClCompile Include="DlgFindStudent.cpp">
      <Filter>源文件</Filter>
    </ClCompile>
    <ClCompile Include="DlgSelectStudent.cpp">
      <Filter>源文件</Filter>
    </ClCompile>
    <ClCompile Include="DlgStudentEdit.cpp">
      <Filter>源文件</Filter>
    </ClCompile>
    <ClCompile Include="CfoodTrackListView.cpp">
      <Filter>源文件</Filter>
    </ClCompile>
    <ClCompile Include="MainFrm.cpp">
      <Filter>源文件</Filter>
    </ClCompile>
    <ClCompile Include="SerialPort.cpp">
      <Filter>源文件</Filter>
    </ClCompile>
    <ClCompile Include="DlgComm.cpp">
      <Filter>源文件</Filter>
    </ClCompile>
    <ClCompile Include="DlgCommConfig.cpp">
      <Filter>源文件</Filter>
    </ClCompile>
    <ClCompile Include="DlgCardReviewer.cpp">
      <Filter>源文件</Filter>
    </ClCompile>
    <ClCompile Include="StringOper.cpp">
      <Filter>源文件</Filter>
    </ClCompile>
  </ItemGroup>
  <ItemGroup>
    <ResourceCompile Include="foodTrack.rc">
      <Filter>资源文件</Filter>
    </ResourceCompile>
  </ItemGroup>
</Project>